{"format_version":"1.0","provider_schemas":{"registry.terraform.io/cloudposse/awsutils":{"provider":{"version":0,"block":{"attributes":{"access_key":{"type":"string","description":"The access key for API operations. You can retrieve this\nfrom the 'Security \u0026 Credentials' section of the AWS console.","description_kind":"plain","optional":true},"allowed_account_ids":{"type":["set","string"],"description_kind":"plain","optional":true},"custom_ca_bundle":{"type":"string","description":"File containing custom root and intermediate certificates. Can also be configured using the `AWS_CA_BUNDLE` environment variable. (Setting `ca_bundle` in the shared config file is not supported.)","description_kind":"plain","optional":true},"ec2_metadata_service_endpoint":{"type":"string","description":"Address of the EC2 metadata service endpoint to use. Can also be configured using the `AWS_EC2_METADATA_SERVICE_ENDPOINT` environment variable.","description_kind":"plain","optional":true},"ec2_metadata_service_endpoint_mode":{"type":"string","description":"Protocol to use with EC2 metadata service endpoint.Valid values are `IPv4` and `IPv6`. Can also be configured using the `AWS_EC2_METADATA_SERVICE_ENDPOINT_MODE` environment variable.","description_kind":"plain","optional":true},"forbidden_account_ids":{"type":["set","string"],"description_kind":"plain","optional":true},"http_proxy":{"type":"string","description":"The address of an HTTP proxy to use when accessing the AWS API. Can also be configured using the `HTTP_PROXY` or `HTTPS_PROXY` environment variables.","description_kind":"plain","optional":true},"insecure":{"type":"bool","description":"Explicitly allow the provider to perform \"insecure\" SSL requests. If omitted, default value is `false`","description_kind":"plain","optional":true},"max_retries":{"type":"number","description":"The maximum number of times an AWS API request is\nbeing executed. If the API request still fails, an error is\nthrown.","description_kind":"plain","optional":true},"profile":{"type":"string","description":"The profile for API operations. If not set, the default profile\ncreated with `aws configure` will be used.","description_kind":"plain","optional":true},"region":{"type":"string","description":"The region where AWS operations will take place. Examples\nare us-east-1, us-west-2, etc.","description_kind":"plain","optional":true},"s3_force_path_style":{"type":"bool","description":"Set this to true to enable the request to use path-style addressing,\ni.e., https://s3.amazonaws.com/BUCKET/KEY. By default, the S3 client will\nuse virtual hosted bucket addressing when possible\n(https://BUCKET.s3.amazonaws.com/KEY). Specific to the Amazon S3 service.","description_kind":"plain","deprecated":true,"optional":true},"s3_use_path_style":{"type":"bool","description":"Set this to true to enable the request to use path-style addressing,\ni.e., https://s3.amazonaws.com/BUCKET/KEY. By default, the S3 client will\nuse virtual hosted bucket addressing when possible\n(https://BUCKET.s3.amazonaws.com/KEY). Specific to the Amazon S3 service.","description_kind":"plain","optional":true},"secret_key":{"type":"string","description":"The secret key for API operations. You can retrieve this\nfrom the 'Security \u0026 Credentials' section of the AWS console.","description_kind":"plain","optional":true},"shared_config_files":{"type":["list","string"],"description":"List of paths to shared config files. If not set, defaults to [~/.aws/config].","description_kind":"plain","optional":true},"shared_credentials_file":{"type":"string","description":"The path to the shared credentials file. If not set, defaults to ~/.aws/credentials.","description_kind":"plain","deprecated":true,"optional":true},"shared_credentials_files":{"type":["list","string"],"description":"List of paths to shared credentials files. If not set, defaults to [~/.aws/credentials].","description_kind":"plain","optional":true},"skip_credentials_validation":{"type":"bool","description":"Skip the credentials validation via STS API. Used for AWS API implementations that do not have STS available/implemented.","description_kind":"plain","optional":true},"skip_get_ec2_platforms":{"type":"bool","description":"Skip getting the supported EC2 platforms. Used by users that don't have ec2:DescribeAccountAttributes permissions.","description_kind":"plain","optional":true},"skip_metadata_api_check":{"type":"string","description":"Skip the AWS Metadata API check. Used for AWS API implementations that do not have a metadata api endpoint.","description_kind":"plain","optional":true},"skip_region_validation":{"type":"bool","description":"Skip static validation of region name. Used by users of alternative AWS-like APIs or users w/ access to regions that are not public (yet).","description_kind":"plain","optional":true},"skip_requesting_account_id":{"type":"bool","description":"Skip requesting the account ID. Used for AWS API implementations that do not have IAM/STS API and/or metadata API.","description_kind":"plain","optional":true},"sts_region":{"type":"string","description":"The region where AWS STS operations will take place. Examples\nare us-east-1 and us-west-2.","description_kind":"plain","optional":true},"token":{"type":"string","description":"session token. A session token is only required if you are\nusing temporary security credentials.","description_kind":"plain","optional":true},"use_dualstack_endpoint":{"type":"bool","description":"Resolve an endpoint with DualStack capability","description_kind":"plain","optional":true},"use_fips_endpoint":{"type":"bool","description":"Resolve an endpoint with FIPS capability","description_kind":"plain","optional":true}},"block_types":{"assume_role":{"nesting_mode":"list","block":{"attributes":{"duration":{"type":"string","description":"The duration, between 15 minutes and 12 hours, of the role session. Valid time units are ns, us (or µs), ms, s, h, or m.","description_kind":"plain","optional":true},"duration_seconds":{"type":"number","description":"The duration, in seconds, of the role session.","description_kind":"plain","deprecated":true,"optional":true},"external_id":{"type":"string","description":"A unique identifier that might be required when you assume a role in another account.","description_kind":"plain","optional":true},"policy":{"type":"string","description":"IAM Policy JSON describing further restricting permissions for the IAM Role being assumed.","description_kind":"plain","optional":true},"policy_arns":{"type":["set","string"],"description":"Amazon Resource Names (ARNs) of IAM Policies describing further restricting permissions for the IAM Role being assumed.","description_kind":"plain","optional":true},"role_arn":{"type":"string","description":"Amazon Resource Name (ARN) of an IAM Role to assume prior to making API calls.","description_kind":"plain","optional":true},"session_name":{"type":"string","description":"An identifier for the assumed role session.","description_kind":"plain","optional":true},"tags":{"type":["map","string"],"description":"Assume role session tags.","description_kind":"plain","optional":true},"transitive_tag_keys":{"type":["set","string"],"description":"Assume role session tag keys to pass to any subsequent sessions.","description_kind":"plain","optional":true}},"description_kind":"plain"},"max_items":1},"assume_role_with_web_identity":{"nesting_mode":"list","block":{"attributes":{"duration":{"type":"string","description":"The duration, between 15 minutes and 12 hours, of the role session. Valid time units are ns, us (or µs), ms, s, h, or m.","description_kind":"plain","optional":true},"policy":{"type":"string","description":"IAM Policy JSON describing further restricting permissions for the IAM Role being assumed.","description_kind":"plain","optional":true},"policy_arns":{"type":["set","string"],"description":"Amazon Resource Names (ARNs) of IAM Policies describing further restricting permissions for the IAM Role being assumed.","description_kind":"plain","optional":true},"role_arn":{"type":"string","description":"Amazon Resource Name (ARN) of an IAM Role to assume prior to making API calls.","description_kind":"plain","optional":true},"session_name":{"type":"string","description":"An identifier for the assumed role session.","description_kind":"plain","optional":true},"web_identity_token":{"type":"string","description_kind":"plain","optional":true},"web_identity_token_file":{"type":"string","description_kind":"plain","optional":true}},"description_kind":"plain"},"max_items":1},"default_tags":{"nesting_mode":"list","block":{"attributes":{"tags":{"type":["map","string"],"description":"Resource tags to default across all resources","description_kind":"plain","optional":true}},"description":"Configuration block with settings to default resource tags across all resources.","description_kind":"plain"},"max_items":1},"endpoints":{"nesting_mode":"set","block":{"attributes":{"accessanalyzer":{"type":"string","description":"Use this to override the default service endpoint URL","description_kind":"plain","optional":true},"account":{"type":"string","description":"Use this to override the default service endpoint URL","description_kind":"plain","optional":true},"acm":{"type":"string","description":"Use this to override the default service endpoint URL","description_kind":"plain","optional":true},"acmpca":{"type":"string","description":"Use this to override the default service endpoint URL","description_kind":"plain","optional":true},"alexaforbusiness":{"type":"string","description":"Use this to override the default service endpoint URL","description_kind":"plain","optional":true},"amg":{"type":"string","description":"Use this to override the default service endpoint URL","description_kind":"plain","optional":true},"amp":{"type":"string","description":"Use this to override the default service endpoint URL","description_kind":"plain","optional":true},"amplify":{"type":"string","description":"Use this to override the default service endpoint URL","description_kind":"plain","optional":true},"amplifybackend":{"type":"string","description":"Use this to override the default service endpoint URL","description_kind":"plain","optional":true},"amplifyuibuilder":{"type":"string","description":"Use this to override the default service endpoint URL","description_kind":"plain","optional":true},"apigateway":{"type":"string","description":"Use this to override the default service endpoint URL","description_kind":"plain","optional":true},"apigatewaymanagementapi":{"type":"string","description":"Use this to override the default service endpoint URL","description_kind":"plain","optional":true},"apigatewayv2":{"type":"string","description":"Use this to override the default service endpoint URL","description_kind":"plain","optional":true},"appautoscaling":{"type":"string","description":"Use this to override the default service endpoint URL","description_kind":"plain","optional":true},"appconfig":{"type":"string","description":"Use this to override the default service endpoint URL","description_kind":"plain","optional":true},"appconfigdata":{"type":"string","description":"Use this to override the default service endpoint URL","description_kind":"plain","optional":true},"appflow":{"type":"string","description":"Use this to override the default service endpoint URL","description_kind":"plain","optional":true},"appintegrations":{"type":"string","description":"Use this to override the default service endpoint URL","description_kind":"plain","optional":true},"appintegrationsservice":{"type":"string","description":"Use this to override the default service endpoint URL","description_kind":"plain","optional":true},"applicationautoscaling":{"type":"string","description":"Use this to override the default service endpoint URL","description_kind":"plain","optional":true},"applicationcostprofiler":{"type":"string","description":"Use this to override the default service endpoint URL","description_kind":"plain","optional":true},"applicationdiscovery":{"type":"string","description":"Use this to override the default service endpoint URL","description_kind":"plain","optional":true},"applicationdiscoveryservice":{"type":"string","description":"Use this to override the default service endpoint URL","description_kind":"plain","optional":true},"applicationinsights":{"type":"string","description":"Use this to override the default service endpoint URL","description_kind":"plain","optional":true},"appmesh":{"type":"string","description":"Use this to override the default service endpoint URL","description_kind":"plain","optional":true},"appregistry":{"type":"string","description":"Use this to override the default service endpoint URL","description_kind":"plain","optional":true},"apprunner":{"type":"string","description":"Use this to override the default service endpoint URL","description_kind":"plain","optional":true},"appstream":{"type":"string","description":"Use this to override the default service endpoint URL","description_kind":"plain","optional":true},"appsync":{"type":"string","description":"Use this to override the default service endpoint URL","description_kind":"plain","optional":true},"athena":{"type":"string","description":"Use this to override the default service endpoint URL","description_kind":"plain","optional":true},"auditmanager":{"type":"string","description":"Use this to override the default service endpoint URL","description_kind":"plain","optional":true},"augmentedairuntime":{"type":"string","description":"Use this to override the default service endpoint URL","description_kind":"plain","optional":true},"autoscaling":{"type":"string","description":"Use this to override the default service endpoint URL","description_kind":"plain","optional":true},"autoscalingplans":{"type":"string","description":"Use this to override the default service endpoint URL","description_kind":"plain","optional":true},"backup":{"type":"string","description":"Use this to override the default service endpoint URL","description_kind":"plain","optional":true},"backupgateway":{"type":"string","description":"Use this to override the default service endpoint URL","description_kind":"plain","optional":true},"batch":{"type":"string","description":"Use this to override the default service endpoint URL","description_kind":"plain","optional":true},"beanstalk":{"type":"string","description":"Use this to override the default service endpoint URL","description_kind":"plain","optional":true},"billingconductor":{"type":"string","description":"Use this to override the default service endpoint URL","description_kind":"plain","optional":true},"braket":{"type":"string","description":"Use this to override the default service endpoint URL","description_kind":"plain","optional":true},"budgets":{"type":"string","description":"Use this to override the default service endpoint URL","description_kind":"plain","optional":true},"ce":{"type":"string","description":"Use this to override the default service endpoint URL","description_kind":"plain","optional":true},"chime":{"type":"string","description":"Use this to override the default service endpoint URL","description_kind":"plain","optional":true},"chimesdkidentity":{"type":"string","description":"Use this to override the default service endpoint URL","description_kind":"plain","optional":true},"chimesdkmeetings":{"type":"string","description":"Use this to override the default service endpoint URL","description_kind":"plain","optional":true},"chimesdkmessaging":{"type":"string","description":"Use this to override the default service endpoint URL","description_kind":"plain","optional":true},"cloud9":{"type":"string","description":"Use this to override the default service endpoint URL","description_kind":"plain","optional":true},"cloudcontrol":{"type":"string","description":"Use this to override the default service endpoint URL","description_kind":"plain","optional":true},"cloudcontrolapi":{"type":"string","description":"Use this to override the default service endpoint URL","description_kind":"plain","optional":true},"clouddirectory":{"type":"string","description":"Use this to override the default service endpoint URL","description_kind":"plain","optional":true},"cloudformation":{"type":"string","description":"Use this to override the default service endpoint URL","description_kind":"plain","optional":true},"cloudfront":{"type":"string","description":"Use this to override the default service endpoint URL","description_kind":"plain","optional":true},"cloudhsm":{"type":"string","description":"Use this to override the default service endpoint URL","description_kind":"plain","optional":true},"cloudhsmv2":{"type":"string","description":"Use this to override the default service endpoint URL","description_kind":"plain","optional":true},"cloudsearch":{"type":"string","description":"Use this to override the default service endpoint URL","description_kind":"plain","optional":true},"cloudsearchdomain":{"type":"string","description":"Use this to override the default service endpoint URL","description_kind":"plain","optional":true},"cloudtrail":{"type":"string","description":"Use this to override the default service endpoint URL","description_kind":"plain","optional":true},"cloudwatch":{"type":"string","description":"Use this to override the default service endpoint URL","description_kind":"plain","optional":true},"cloudwatchevents":{"type":"string","description":"Use this to override the default service endpoint URL","description_kind":"plain","optional":true},"cloudwatchevidently":{"type":"string","description":"Use this to override the default service endpoint URL","description_kind":"plain","optional":true},"cloudwatchlog":{"type":"string","description":"Use this to override the default service endpoint URL","description_kind":"plain","optional":true},"cloudwatchlogs":{"type":"string","description":"Use this to override the default service endpoint URL","description_kind":"plain","optional":true},"cloudwatchrum":{"type":"string","description":"Use this to override the default service endpoint URL","description_kind":"plain","optional":true},"codeartifact":{"type":"string","description":"Use this to override the default service endpoint URL","description_kind":"plain","optional":true},"codebuild":{"type":"string","description":"Use this to override the default service endpoint URL","description_kind":"plain","optional":true},"codecommit":{"type":"string","description":"Use this to override the default service endpoint URL","description_kind":"plain","optional":true},"codedeploy":{"type":"string","description":"Use this to override the default service endpoint URL","description_kind":"plain","optional":true},"codeguruprofiler":{"type":"string","description":"Use this to override the default service endpoint URL","description_kind":"plain","optional":true},"codegurureviewer":{"type":"string","description":"Use this to override the default service endpoint URL","description_kind":"plain","optional":true},"codepipeline":{"type":"string","description":"Use this to override the default service endpoint URL","description_kind":"plain","optional":true},"codestar":{"type":"string","description":"Use this to override the default service endpoint URL","description_kind":"plain","optional":true},"codestarconnections":{"type":"string","description":"Use this to override the default service endpoint URL","description_kind":"plain","optional":true},"codestarnotifications":{"type":"string","description":"Use this to override the default service endpoint URL","description_kind":"plain","optional":true},"cognitoidentity":{"type":"string","description":"Use this to override the default service endpoint URL","description_kind":"plain","optional":true},"cognitoidentityprovider":{"type":"string","description":"Use this to override the default service endpoint URL","description_kind":"plain","optional":true},"cognitoidp":{"type":"string","description":"Use this to override the default service endpoint URL","description_kind":"plain","optional":true},"cognitosync":{"type":"string","description":"Use this to override the default service endpoint URL","description_kind":"plain","optional":true},"comprehend":{"type":"string","description":"Use this to override the default service endpoint URL","description_kind":"plain","optional":true},"comprehendmedical":{"type":"string","description":"Use this to override the default service endpoint URL","description_kind":"plain","optional":true},"computeoptimizer":{"type":"string","description":"Use this to override the default service endpoint URL","description_kind":"plain","optional":true},"config":{"type":"string","description":"Use this to override the default service endpoint URL","description_kind":"plain","optional":true},"configservice":{"type":"string","description":"Use this to override the default service endpoint URL","description_kind":"plain","optional":true},"connect":{"type":"string","description":"Use this to override the default service endpoint URL","description_kind":"plain","optional":true},"connectcontactlens":{"type":"string","description":"Use this to override the default service endpoint URL","description_kind":"plain","optional":true},"connectparticipant":{"type":"string","description":"Use this to override the default service endpoint URL","description_kind":"plain","optional":true},"connectwisdomservice":{"type":"string","description":"Use this to override the default service endpoint URL","description_kind":"plain","optional":true},"costandusagereportservice":{"type":"string","description":"Use this to override the default service endpoint URL","description_kind":"plain","optional":true},"costexplorer":{"type":"string","description":"Use this to override the default service endpoint URL","description_kind":"plain","optional":true},"cur":{"type":"string","description":"Use this to override the default service endpoint URL","description_kind":"plain","optional":true},"customerprofiles":{"type":"string","description":"Use this to override the default service endpoint URL","description_kind":"plain","optional":true},"databasemigration":{"type":"string","description":"Use this to override the default service endpoint URL","description_kind":"plain","optional":true},"databasemigrationservice":{"type":"string","description":"Use this to override the default service endpoint URL","description_kind":"plain","optional":true},"databrew":{"type":"string","description":"Use this to override the default service endpoint URL","description_kind":"plain","optional":true},"dataexchange":{"type":"string","description":"Use this to override the default service endpoint URL","description_kind":"plain","optional":true},"datapipeline":{"type":"string","description":"Use this to override the default service endpoint URL","description_kind":"plain","optional":true},"datasync":{"type":"string","description":"Use this to override the default service endpoint URL","description_kind":"plain","optional":true},"dax":{"type":"string","description":"Use this to override the default service endpoint URL","description_kind":"plain","optional":true},"deploy":{"type":"string","description":"Use this to override the default service endpoint URL","description_kind":"plain","optional":true},"detective":{"type":"string","description":"Use this to override the default service endpoint URL","description_kind":"plain","optional":true},"devicefarm":{"type":"string","description":"Use this to override the default service endpoint URL","description_kind":"plain","optional":true},"devopsguru":{"type":"string","description":"Use this to override the default service endpoint URL","description_kind":"plain","optional":true},"directconnect":{"type":"string","description":"Use this to override the default service endpoint URL","description_kind":"plain","optional":true},"directoryservice":{"type":"string","description":"Use this to override the default service endpoint URL","description_kind":"plain","optional":true},"discovery":{"type":"string","description":"Use this to override the default service endpoint URL","description_kind":"plain","optional":true},"dlm":{"type":"string","description":"Use this to override the default service endpoint URL","description_kind":"plain","optional":true},"dms":{"type":"string","description":"Use this to override the default service endpoint URL","description_kind":"plain","optional":true},"docdb":{"type":"string","description":"Use this to override the default service endpoint URL","description_kind":"plain","optional":true},"drs":{"type":"string","description":"Use this to override the default service endpoint URL","description_kind":"plain","optional":true},"ds":{"type":"string","description":"Use this to override the default service endpoint URL","description_kind":"plain","optional":true},"dynamodb":{"type":"string","description":"Use this to override the default service endpoint URL","description_kind":"plain","optional":true},"dynamodbstreams":{"type":"string","description":"Use this to override the default service endpoint URL","description_kind":"plain","optional":true},"ebs":{"type":"string","description":"Use this to override the default service endpoint URL","description_kind":"plain","optional":true},"ec2":{"type":"string","description":"Use this to override the default service endpoint URL","description_kind":"plain","optional":true},"ec2instanceconnect":{"type":"string","description":"Use this to override the default service endpoint URL","description_kind":"plain","optional":true},"ecr":{"type":"string","description":"Use this to override the default service endpoint URL","description_kind":"plain","optional":true},"ecrpublic":{"type":"string","description":"Use this to override the default service endpoint URL","description_kind":"plain","optional":true},"ecs":{"type":"string","description":"Use this to override the default service endpoint URL","description_kind":"plain","optional":true},"efs":{"type":"string","description":"Use this to override the default service endpoint URL","description_kind":"plain","optional":true},"eks":{"type":"string","description":"Use this to override the default service endpoint URL","description_kind":"plain","optional":true},"elasticache":{"type":"string","description":"Use this to override the default service endpoint URL","description_kind":"plain","optional":true},"elasticbeanstalk":{"type":"string","description":"Use this to override the default service endpoint URL","description_kind":"plain","optional":true},"elasticinference":{"type":"string","description":"Use this to override the default service endpoint URL","description_kind":"plain","optional":true},"elasticloadbalancing":{"type":"string","description":"Use this to override the default service endpoint URL","description_kind":"plain","optional":true},"elasticloadbalancingv2":{"type":"string","description":"Use this to override the default service endpoint URL","description_kind":"plain","optional":true},"elasticsearch":{"type":"string","description":"Use this to override the default service endpoint URL","description_kind":"plain","optional":true},"elasticsearchservice":{"type":"string","description":"Use this to override the default service endpoint URL","description_kind":"plain","optional":true},"elastictranscoder":{"type":"string","description":"Use this to override the default service endpoint URL","description_kind":"plain","optional":true},"elb":{"type":"string","description":"Use this to override the default service endpoint URL","description_kind":"plain","optional":true},"elbv2":{"type":"string","description":"Use this to override the default service endpoint URL","description_kind":"plain","optional":true},"emr":{"type":"string","description":"Use this to override the default service endpoint URL","description_kind":"plain","optional":true},"emrcontainers":{"type":"string","description":"Use this to override the default service endpoint URL","description_kind":"plain","optional":true},"emrserverless":{"type":"string","description":"Use this to override the default service endpoint URL","description_kind":"plain","optional":true},"es":{"type":"string","description":"Use this to override the default service endpoint URL","description_kind":"plain","optional":true},"eventbridge":{"type":"string","description":"Use this to override the default service endpoint URL","description_kind":"plain","optional":true},"events":{"type":"string","description":"Use this to override the default service endpoint URL","description_kind":"plain","optional":true},"evidently":{"type":"string","description":"Use this to override the default service endpoint URL","description_kind":"plain","optional":true},"finspace":{"type":"string","description":"Use this to override the default service endpoint URL","description_kind":"plain","optional":true},"finspacedata":{"type":"string","description":"Use this to override the default service endpoint URL","description_kind":"plain","optional":true},"firehose":{"type":"string","description":"Use this to override the default service endpoint URL","description_kind":"plain","optional":true},"fis":{"type":"string","description":"Use this to override the default service endpoint URL","description_kind":"plain","optional":true},"fms":{"type":"string","description":"Use this to override the default service endpoint URL","description_kind":"plain","optional":true},"forecast":{"type":"string","description":"Use this to override the default service endpoint URL","description_kind":"plain","optional":true},"forecastquery":{"type":"string","description":"Use this to override the default service endpoint URL","description_kind":"plain","optional":true},"forecastqueryservice":{"type":"string","description":"Use this to override the default service endpoint URL","description_kind":"plain","optional":true},"forecastservice":{"type":"string","description":"Use this to override the default service endpoint URL","description_kind":"plain","optional":true},"frauddetector":{"type":"string","description":"Use this to override the default service endpoint URL","description_kind":"plain","optional":true},"fsx":{"type":"string","description":"Use this to override the default service endpoint URL","description_kind":"plain","optional":true},"gamelift":{"type":"string","description":"Use this to override the default service endpoint URL","description_kind":"plain","optional":true},"glacier":{"type":"string","description":"Use this to override the default service endpoint URL","description_kind":"plain","optional":true},"globalaccelerator":{"type":"string","description":"Use this to override the default service endpoint URL","description_kind":"plain","optional":true},"glue":{"type":"string","description":"Use this to override the default service endpoint URL","description_kind":"plain","optional":true},"gluedatabrew":{"type":"string","description":"Use this to override the default service endpoint URL","description_kind":"plain","optional":true},"grafana":{"type":"string","description":"Use this to override the default service endpoint URL","description_kind":"plain","optional":true},"greengrass":{"type":"string","description":"Use this to override the default service endpoint URL","description_kind":"plain","optional":true},"greengrassv2":{"type":"string","description":"Use this to override the default service endpoint URL","description_kind":"plain","optional":true},"groundstation":{"type":"string","description":"Use this to override the default service endpoint URL","description_kind":"plain","optional":true},"guardduty":{"type":"string","description":"Use this to override the default service endpoint URL","description_kind":"plain","optional":true},"health":{"type":"string","description":"Use this to override the default service endpoint URL","description_kind":"plain","optional":true},"healthlake":{"type":"string","description":"Use this to override the default service endpoint URL","description_kind":"plain","optional":true},"honeycode":{"type":"string","description":"Use this to override the default service endpoint URL","description_kind":"plain","optional":true},"iam":{"type":"string","description":"Use this to override the default service endpoint URL","description_kind":"plain","optional":true},"identitystore":{"type":"string","description":"Use this to override the default service endpoint URL","description_kind":"plain","optional":true},"imagebuilder":{"type":"string","description":"Use this to override the default service endpoint URL","description_kind":"plain","optional":true},"inspector":{"type":"string","description":"Use this to override the default service endpoint URL","description_kind":"plain","optional":true},"inspector2":{"type":"string","description":"Use this to override the default service endpoint URL","description_kind":"plain","optional":true},"iot":{"type":"string","description":"Use this to override the default service endpoint URL","description_kind":"plain","optional":true},"iot1clickdevices":{"type":"string","description":"Use this to override the default service endpoint URL","description_kind":"plain","optional":true},"iot1clickdevicesservice":{"type":"string","description":"Use this to override the default service endpoint URL","description_kind":"plain","optional":true},"iot1clickprojects":{"type":"string","description":"Use this to override the default service endpoint URL","description_kind":"plain","optional":true},"iotanalytics":{"type":"string","description":"Use this to override the default service endpoint URL","description_kind":"plain","optional":true},"iotdata":{"type":"string","description":"Use this to override the default service endpoint URL","description_kind":"plain","optional":true},"iotdataplane":{"type":"string","description":"Use this to override the default service endpoint URL","description_kind":"plain","optional":true},"iotdeviceadvisor":{"type":"string","description":"Use this to override the default service endpoint URL","description_kind":"plain","optional":true},"iotevents":{"type":"string","description":"Use this to override the default service endpoint URL","description_kind":"plain","optional":true},"ioteventsdata":{"type":"string","description":"Use this to override the default service endpoint URL","description_kind":"plain","optional":true},"iotfleethub":{"type":"string","description":"Use this to override the default service endpoint URL","description_kind":"plain","optional":true},"iotjobsdata":{"type":"string","description":"Use this to override the default service endpoint URL","description_kind":"plain","optional":true},"iotjobsdataplane":{"type":"string","description":"Use this to override the default service endpoint URL","description_kind":"plain","optional":true},"iotsecuretunneling":{"type":"string","description":"Use this to override the default service endpoint URL","description_kind":"plain","optional":true},"iotsitewise":{"type":"string","description":"Use this to override the default service endpoint URL","description_kind":"plain","optional":true},"iotthingsgraph":{"type":"string","description":"Use this to override the default service endpoint URL","description_kind":"plain","optional":true},"iottwinmaker":{"type":"string","description":"Use this to override the default service endpoint URL","description_kind":"plain","optional":true},"iotwireless":{"type":"string","description":"Use this to override the default service endpoint URL","description_kind":"plain","optional":true},"ivs":{"type":"string","description":"Use this to override the default service endpoint URL","description_kind":"plain","optional":true},"kafka":{"type":"string","description":"Use this to override the default service endpoint URL","description_kind":"plain","optional":true},"kafkaconnect":{"type":"string","description":"Use this to override the default service endpoint URL","description_kind":"plain","optional":true},"kendra":{"type":"string","description":"Use this to override the default service endpoint URL","description_kind":"plain","optional":true},"keyspaces":{"type":"string","description":"Use this to override the default service endpoint URL","description_kind":"plain","optional":true},"kinesis":{"type":"string","description":"Use this to override the default service endpoint URL","description_kind":"plain","optional":true},"kinesisanalytics":{"type":"string","description":"Use this to override the default service endpoint URL","description_kind":"plain","optional":true},"kinesisanalyticsv2":{"type":"string","description":"Use this to override the default service endpoint URL","description_kind":"plain","optional":true},"kinesisvideo":{"type":"string","description":"Use this to override the default service endpoint URL","description_kind":"plain","optional":true},"kinesisvideoarchivedmedia":{"type":"string","description":"Use this to override the default service endpoint URL","description_kind":"plain","optional":true},"kinesisvideomedia":{"type":"string","description":"Use this to override the default service endpoint URL","description_kind":"plain","optional":true},"kinesisvideosignaling":{"type":"string","description":"Use this to override the default service endpoint URL","description_kind":"plain","optional":true},"kinesisvideosignalingchannels":{"type":"string","description":"Use this to override the default service endpoint URL","description_kind":"plain","optional":true},"kms":{"type":"string","description":"Use this to override the default service endpoint URL","description_kind":"plain","optional":true},"lakeformation":{"type":"string","description":"Use this to override the default service endpoint URL","description_kind":"plain","optional":true},"lambda":{"type":"string","description":"Use this to override the default service endpoint URL","description_kind":"plain","optional":true},"lex":{"type":"string","description":"Use this to override the default service endpoint URL","description_kind":"plain","optional":true},"lexmodelbuilding":{"type":"string","description":"Use this to override the default service endpoint URL","description_kind":"plain","optional":true},"lexmodelbuildingservice":{"type":"string","description":"Use this to override the default service endpoint URL","description_kind":"plain","optional":true},"lexmodels":{"type":"string","description":"Use this to override the default service endpoint URL","description_kind":"plain","optional":true},"lexmodelsv2":{"type":"string","description":"Use this to override the default service endpoint URL","description_kind":"plain","optional":true},"lexruntime":{"type":"string","description":"Use this to override the default service endpoint URL","description_kind":"plain","optional":true},"lexruntimeservice":{"type":"string","description":"Use this to override the default service endpoint URL","description_kind":"plain","optional":true},"lexruntimev2":{"type":"string","description":"Use this to override the default service endpoint URL","description_kind":"plain","optional":true},"lexv2models":{"type":"string","description":"Use this to override the default service endpoint URL","description_kind":"plain","optional":true},"lexv2runtime":{"type":"string","description":"Use this to override the default service endpoint URL","description_kind":"plain","optional":true},"licensemanager":{"type":"string","description":"Use this to override the default service endpoint URL","description_kind":"plain","optional":true},"lightsail":{"type":"string","description":"Use this to override the default service endpoint URL","description_kind":"plain","optional":true},"location":{"type":"string","description":"Use this to override the default service endpoint URL","description_kind":"plain","optional":true},"locationservice":{"type":"string","description":"Use this to override the default service endpoint URL","description_kind":"plain","optional":true},"logs":{"type":"string","description":"Use this to override the default service endpoint URL","description_kind":"plain","optional":true},"lookoutequipment":{"type":"string","description":"Use this to override the default service endpoint URL","description_kind":"plain","optional":true},"lookoutforvision":{"type":"string","description":"Use this to override the default service endpoint URL","description_kind":"plain","optional":true},"lookoutmetrics":{"type":"string","description":"Use this to override the default service endpoint URL","description_kind":"plain","optional":true},"lookoutvision":{"type":"string","description":"Use this to override the default service endpoint URL","description_kind":"plain","optional":true},"machinelearning":{"type":"string","description":"Use this to override the default service endpoint URL","description_kind":"plain","optional":true},"macie":{"type":"string","description":"Use this to override the default service endpoint URL","description_kind":"plain","optional":true},"macie2":{"type":"string","description":"Use this to override the default service endpoint URL","description_kind":"plain","optional":true},"managedblockchain":{"type":"string","description":"Use this to override the default service endpoint URL","description_kind":"plain","optional":true},"managedgrafana":{"type":"string","description":"Use this to override the default service endpoint URL","description_kind":"plain","optional":true},"marketplacecatalog":{"type":"string","description":"Use this to override the default service endpoint URL","description_kind":"plain","optional":true},"marketplacecommerceanalytics":{"type":"string","description":"Use this to override the default service endpoint URL","description_kind":"plain","optional":true},"marketplaceentitlement":{"type":"string","description":"Use this to override the default service endpoint URL","description_kind":"plain","optional":true},"marketplaceentitlementservice":{"type":"string","description":"Use this to override the default service endpoint URL","description_kind":"plain","optional":true},"marketplacemetering":{"type":"string","description":"Use this to override the default service endpoint URL","description_kind":"plain","optional":true},"mediaconnect":{"type":"string","description":"Use this to override the default service endpoint URL","description_kind":"plain","optional":true},"mediaconvert":{"type":"string","description":"Use this to override the default service endpoint URL","description_kind":"plain","optional":true},"medialive":{"type":"string","description":"Use this to override the default service endpoint URL","description_kind":"plain","optional":true},"mediapackage":{"type":"string","description":"Use this to override the default service endpoint URL","description_kind":"plain","optional":true},"mediapackagevod":{"type":"string","description":"Use this to override the default service endpoint URL","description_kind":"plain","optional":true},"mediastore":{"type":"string","description":"Use this to override the default service endpoint URL","description_kind":"plain","optional":true},"mediastoredata":{"type":"string","description":"Use this to override the default service endpoint URL","description_kind":"plain","optional":true},"mediatailor":{"type":"string","description":"Use this to override the default service endpoint URL","description_kind":"plain","optional":true},"memorydb":{"type":"string","description":"Use this to override the default service endpoint URL","description_kind":"plain","optional":true},"meteringmarketplace":{"type":"string","description":"Use this to override the default service endpoint URL","description_kind":"plain","optional":true},"mgh":{"type":"string","description":"Use this to override the default service endpoint URL","description_kind":"plain","optional":true},"mgn":{"type":"string","description":"Use this to override the default service endpoint URL","description_kind":"plain","optional":true},"migrationhub":{"type":"string","description":"Use this to override the default service endpoint URL","description_kind":"plain","optional":true},"migrationhubconfig":{"type":"string","description":"Use this to override the default service endpoint URL","description_kind":"plain","optional":true},"migrationhubrefactorspaces":{"type":"string","description":"Use this to override the default service endpoint URL","description_kind":"plain","optional":true},"migrationhubstrategy":{"type":"string","description":"Use this to override the default service endpoint URL","description_kind":"plain","optional":true},"migrationhubstrategyrecommendations":{"type":"string","description":"Use this to override the default service endpoint URL","description_kind":"plain","optional":true},"mobile":{"type":"string","description":"Use this to override the default service endpoint URL","description_kind":"plain","optional":true},"mq":{"type":"string","description":"Use this to override the default service endpoint URL","description_kind":"plain","optional":true},"msk":{"type":"string","description":"Use this to override the default service endpoint URL","description_kind":"plain","optional":true},"mturk":{"type":"string","description":"Use this to override the default service endpoint URL","description_kind":"plain","optional":true},"mwaa":{"type":"string","description":"Use this to override the default service endpoint URL","description_kind":"plain","optional":true},"neptune":{"type":"string","description":"Use this to override the default service endpoint URL","description_kind":"plain","optional":true},"networkfirewall":{"type":"string","description":"Use this to override the default service endpoint URL","description_kind":"plain","optional":true},"networkmanager":{"type":"string","description":"Use this to override the default service endpoint URL","description_kind":"plain","optional":true},"nimble":{"type":"string","description":"Use this to override the default service endpoint URL","description_kind":"plain","optional":true},"nimblestudio":{"type":"string","description":"Use this to override the default service endpoint URL","description_kind":"plain","optional":true},"opensearch":{"type":"string","description":"Use this to override the default service endpoint URL","description_kind":"plain","optional":true},"opensearchservice":{"type":"string","description":"Use this to override the default service endpoint URL","description_kind":"plain","optional":true},"opsworks":{"type":"string","description":"Use this to override the default service endpoint URL","description_kind":"plain","optional":true},"opsworkscm":{"type":"string","description":"Use this to override the default service endpoint URL","description_kind":"plain","optional":true},"organizations":{"type":"string","description":"Use this to override the default service endpoint URL","description_kind":"plain","optional":true},"outposts":{"type":"string","description":"Use this to override the default service endpoint URL","description_kind":"plain","optional":true},"panorama":{"type":"string","description":"Use this to override the default service endpoint URL","description_kind":"plain","optional":true},"personalize":{"type":"string","description":"Use this to override the default service endpoint URL","description_kind":"plain","optional":true},"personalizeevents":{"type":"string","description":"Use this to override the default service endpoint URL","description_kind":"plain","optional":true},"personalizeruntime":{"type":"string","description":"Use this to override the default service endpoint URL","description_kind":"plain","optional":true},"pi":{"type":"string","description":"Use this to override the default service endpoint URL","description_kind":"plain","optional":true},"pinpoint":{"type":"string","description":"Use this to override the default service endpoint URL","description_kind":"plain","optional":true},"pinpointemail":{"type":"string","description":"Use this to override the default service endpoint URL","description_kind":"plain","optional":true},"pinpointsmsvoice":{"type":"string","description":"Use this to override the default service endpoint URL","description_kind":"plain","optional":true},"polly":{"type":"string","description":"Use this to override the default service endpoint URL","description_kind":"plain","optional":true},"pricing":{"type":"string","description":"Use this to override the default service endpoint URL","description_kind":"plain","optional":true},"prometheus":{"type":"string","description":"Use this to override the default service endpoint URL","description_kind":"plain","optional":true},"prometheusservice":{"type":"string","description":"Use this to override the default service endpoint URL","description_kind":"plain","optional":true},"proton":{"type":"string","description":"Use this to override the default service endpoint URL","description_kind":"plain","optional":true},"qldb":{"type":"string","description":"Use this to override the default service endpoint URL","description_kind":"plain","optional":true},"qldbsession":{"type":"string","description":"Use this to override the default service endpoint URL","description_kind":"plain","optional":true},"quicksight":{"type":"string","description":"Use this to override the default service endpoint URL","description_kind":"plain","optional":true},"ram":{"type":"string","description":"Use this to override the default service endpoint URL","description_kind":"plain","optional":true},"rbin":{"type":"string","description":"Use this to override the default service endpoint URL","description_kind":"plain","optional":true},"rds":{"type":"string","description":"Use this to override the default service endpoint URL","description_kind":"plain","optional":true},"rdsdata":{"type":"string","description":"Use this to override the default service endpoint URL","description_kind":"plain","optional":true},"rdsdataservice":{"type":"string","description":"Use this to override the default service endpoint URL","description_kind":"plain","optional":true},"recyclebin":{"type":"string","description":"Use this to override the default service endpoint URL","description_kind":"plain","optional":true},"redshift":{"type":"string","description":"Use this to override the default service endpoint URL","description_kind":"plain","optional":true},"redshiftdata":{"type":"string","description":"Use this to override the default service endpoint URL","description_kind":"plain","optional":true},"redshiftdataapiservice":{"type":"string","description":"Use this to override the default service endpoint URL","description_kind":"plain","optional":true},"redshiftserverless":{"type":"string","description":"Use this to override the default service endpoint URL","description_kind":"plain","optional":true},"rekognition":{"type":"string","description":"Use this to override the default service endpoint URL","description_kind":"plain","optional":true},"resiliencehub":{"type":"string","description":"Use this to override the default service endpoint URL","description_kind":"plain","optional":true},"resourcegroups":{"type":"string","description":"Use this to override the default service endpoint URL","description_kind":"plain","optional":true},"resourcegroupstagging":{"type":"string","description":"Use this to override the default service endpoint URL","description_kind":"plain","optional":true},"resourcegroupstaggingapi":{"type":"string","description":"Use this to override the default service endpoint URL","description_kind":"plain","optional":true},"robomaker":{"type":"string","description":"Use this to override the default service endpoint URL","description_kind":"plain","optional":true},"rolesanywhere":{"type":"string","description":"Use this to override the default service endpoint URL","description_kind":"plain","optional":true},"route53":{"type":"string","description":"Use this to override the default service endpoint URL","description_kind":"plain","optional":true},"route53domains":{"type":"string","description":"Use this to override the default service endpoint URL","description_kind":"plain","optional":true},"route53recoverycluster":{"type":"string","description":"Use this to override the default service endpoint URL","description_kind":"plain","optional":true},"route53recoverycontrolconfig":{"type":"string","description":"Use this to override the default service endpoint URL","description_kind":"plain","optional":true},"route53recoveryreadiness":{"type":"string","description":"Use this to override the default service endpoint URL","description_kind":"plain","optional":true},"route53resolver":{"type":"string","description":"Use this to override the default service endpoint URL","description_kind":"plain","optional":true},"rum":{"type":"string","description":"Use this to override the default service endpoint URL","description_kind":"plain","optional":true},"s3":{"type":"string","description":"Use this to override the default service endpoint URL","description_kind":"plain","optional":true},"s3api":{"type":"string","description":"Use this to override the default service endpoint URL","description_kind":"plain","optional":true},"s3control":{"type":"string","description":"Use this to override the default service endpoint URL","description_kind":"plain","optional":true},"s3outposts":{"type":"string","description":"Use this to override the default service endpoint URL","description_kind":"plain","optional":true},"sagemaker":{"type":"string","description":"Use this to override the default service endpoint URL","description_kind":"plain","optional":true},"sagemakera2iruntime":{"type":"string","description":"Use this to override the default service endpoint URL","description_kind":"plain","optional":true},"sagemakeredge":{"type":"string","description":"Use this to override the default service endpoint URL","description_kind":"plain","optional":true},"sagemakeredgemanager":{"type":"string","description":"Use this to override the default service endpoint URL","description_kind":"plain","optional":true},"sagemakerfeaturestoreruntime":{"type":"string","description":"Use this to override the default service endpoint URL","description_kind":"plain","optional":true},"sagemakerruntime":{"type":"string","description":"Use this to override the default service endpoint URL","description_kind":"plain","optional":true},"savingsplans":{"type":"string","description":"Use this to override the default service endpoint URL","description_kind":"plain","optional":true},"schemas":{"type":"string","description":"Use this to override the default service endpoint URL","description_kind":"plain","optional":true},"sdb":{"type":"string","description":"Use this to override the default service endpoint URL","description_kind":"plain","optional":true},"secretsmanager":{"type":"string","description":"Use this to override the default service endpoint URL","description_kind":"plain","optional":true},"securityhub":{"type":"string","description":"Use this to override the default service endpoint URL","description_kind":"plain","optional":true},"serverlessapplicationrepository":{"type":"string","description":"Use this to override the default service endpoint URL","description_kind":"plain","optional":true},"serverlessapprepo":{"type":"string","description":"Use this to override the default service endpoint URL","description_kind":"plain","optional":true},"serverlessrepo":{"type":"string","description":"Use this to override the default service endpoint URL","description_kind":"plain","optional":true},"servicecatalog":{"type":"string","description":"Use this to override the default service endpoint URL","description_kind":"plain","optional":true},"servicecatalogappregistry":{"type":"string","description":"Use this to override the default service endpoint URL","description_kind":"plain","optional":true},"servicediscovery":{"type":"string","description":"Use this to override the default service endpoint URL","description_kind":"plain","optional":true},"servicequotas":{"type":"string","description":"Use this to override the default service endpoint URL","description_kind":"plain","optional":true},"ses":{"type":"string","description":"Use this to override the default service endpoint URL","description_kind":"plain","optional":true},"sesv2":{"type":"string","description":"Use this to override the default service endpoint URL","description_kind":"plain","optional":true},"sfn":{"type":"string","description":"Use this to override the default service endpoint URL","description_kind":"plain","optional":true},"shield":{"type":"string","description":"Use this to override the default service endpoint URL","description_kind":"plain","optional":true},"signer":{"type":"string","description":"Use this to override the default service endpoint URL","description_kind":"plain","optional":true},"simpledb":{"type":"string","description":"Use this to override the default service endpoint URL","description_kind":"plain","optional":true},"sms":{"type":"string","description":"Use this to override the default service endpoint URL","description_kind":"plain","optional":true},"snowball":{"type":"string","description":"Use this to override the default service endpoint URL","description_kind":"plain","optional":true},"snowdevicemanagement":{"type":"string","description":"Use this to override the default service endpoint URL","description_kind":"plain","optional":true},"sns":{"type":"string","description":"Use this to override the default service endpoint URL","description_kind":"plain","optional":true},"sqs":{"type":"string","description":"Use this to override the default service endpoint URL","description_kind":"plain","optional":true},"ssm":{"type":"string","description":"Use this to override the default service endpoint URL","description_kind":"plain","optional":true},"ssmcontacts":{"type":"string","description":"Use this to override the default service endpoint URL","description_kind":"plain","optional":true},"ssmincidents":{"type":"string","description":"Use this to override the default service endpoint URL","description_kind":"plain","optional":true},"sso":{"type":"string","description":"Use this to override the default service endpoint URL","description_kind":"plain","optional":true},"ssoadmin":{"type":"string","description":"Use this to override the default service endpoint URL","description_kind":"plain","optional":true},"ssooidc":{"type":"string","description":"Use this to override the default service endpoint URL","description_kind":"plain","optional":true},"stepfunctions":{"type":"string","description":"Use this to override the default service endpoint URL","description_kind":"plain","optional":true},"storagegateway":{"type":"string","description":"Use this to override the default service endpoint URL","description_kind":"plain","optional":true},"sts":{"type":"string","description":"Use this to override the default service endpoint URL","description_kind":"plain","optional":true},"support":{"type":"string","description":"Use this to override the default service endpoint URL","description_kind":"plain","optional":true},"swf":{"type":"string","description":"Use this to override the default service endpoint URL","description_kind":"plain","optional":true},"synthetics":{"type":"string","description":"Use this to override the default service endpoint URL","description_kind":"plain","optional":true},"textract":{"type":"string","description":"Use this to override the default service endpoint URL","description_kind":"plain","optional":true},"timestreamquery":{"type":"string","description":"Use this to override the default service endpoint URL","description_kind":"plain","optional":true},"timestreamwrite":{"type":"string","description":"Use this to override the default service endpoint URL","description_kind":"plain","optional":true},"transcribe":{"type":"string","description":"Use this to override the default service endpoint URL","description_kind":"plain","optional":true},"transcribeservice":{"type":"string","description":"Use this to override the default service endpoint URL","description_kind":"plain","optional":true},"transcribestreaming":{"type":"string","description":"Use this to override the default service endpoint URL","description_kind":"plain","optional":true},"transcribestreamingservice":{"type":"string","description":"Use this to override the default service endpoint URL","description_kind":"plain","optional":true},"transfer":{"type":"string","description":"Use this to override the default service endpoint URL","description_kind":"plain","optional":true},"translate":{"type":"string","description":"Use this to override the default service endpoint URL","description_kind":"plain","optional":true},"voiceid":{"type":"string","description":"Use this to override the default service endpoint URL","description_kind":"plain","optional":true},"waf":{"type":"string","description":"Use this to override the default service endpoint URL","description_kind":"plain","optional":true},"wafregional":{"type":"string","description":"Use this to override the default service endpoint URL","description_kind":"plain","optional":true},"wafv2":{"type":"string","description":"Use this to override the default service endpoint URL","description_kind":"plain","optional":true},"wellarchitected":{"type":"string","description":"Use this to override the default service endpoint URL","description_kind":"plain","optional":true},"wisdom":{"type":"string","description":"Use this to override the default service endpoint URL","description_kind":"plain","optional":true},"workdocs":{"type":"string","description":"Use this to override the default service endpoint URL","description_kind":"plain","optional":true},"worklink":{"type":"string","description":"Use this to override the default service endpoint URL","description_kind":"plain","optional":true},"workmail":{"type":"string","description":"Use this to override the default service endpoint URL","description_kind":"plain","optional":true},"workmailmessageflow":{"type":"string","description":"Use this to override the default service endpoint URL","description_kind":"plain","optional":true},"workspaces":{"type":"string","description":"Use this to override the default service endpoint URL","description_kind":"plain","optional":true},"workspacesweb":{"type":"string","description":"Use this to override the default service endpoint URL","description_kind":"plain","optional":true},"xray":{"type":"string","description":"Use this to override the default service endpoint URL","description_kind":"plain","optional":true}},"description_kind":"plain"}},"ignore_tags":{"nesting_mode":"list","block":{"attributes":{"key_prefixes":{"type":["set","string"],"description":"Resource tag key prefixes to ignore across all resources.","description_kind":"plain","optional":true},"keys":{"type":["set","string"],"description":"Resource tag keys to ignore across all resources.","description_kind":"plain","optional":true}},"description":"Configuration block with settings to ignore resource tags across all resources.","description_kind":"plain"},"max_items":1}},"description_kind":"plain"}},"resource_schemas":{"awsutils_default_vpc_deletion":{"version":1,"block":{"attributes":{"id":{"type":"string","description":"The ID of the VPC that was deleted.","description_kind":"plain","computed":true}},"description":"Deletes the default VPC along with the child resources of the VPC including Subnets, Route Tables, NACLs and Internet \nGateways in the configured region.\n\t\t\nBest-practices call for not using the default VPC, but rather, creating a new set of VPCs as necessary. AWS Security \nHub will flag the default VPCs as non-compliant if they aren't configured with best-practices. Rather than jumping \nthrough hoops, it's easier to delete to default VPCs. This task cannot be accomplished with the official AWS \nTerraform Provider, so this resource is necessary. \n\t\t\nPlease note that applying this resource is destructive and nonreversible. This resource is unusual as it will \n**DELETE** infrastructure when `terraform apply` is run rather than creating it. This is a permanent \ndeletion and nothing will be restored when `terraform destroy` is run. ","description_kind":"plain"}},"awsutils_expiring_iam_access_key":{"version":0,"block":{"attributes":{"create_date":{"type":"string","description_kind":"plain","computed":true},"encrypted_secret":{"type":"string","description_kind":"plain","computed":true},"encrypted_ses_smtp_password_v4":{"type":"string","description_kind":"plain","computed":true},"expiration_date":{"type":"string","description_kind":"plain","computed":true},"id":{"type":"string","description_kind":"plain","optional":true,"computed":true},"key_fingerprint":{"type":"string","description_kind":"plain","computed":true},"max_age":{"type":"number","description_kind":"plain","optional":true},"pgp_key":{"type":"string","description_kind":"plain","optional":true},"secret":{"type":"string","description_kind":"plain","computed":true,"sensitive":true},"ses_smtp_password_v4":{"type":"string","description_kind":"plain","computed":true,"sensitive":true},"status":{"type":"string","description_kind":"plain","optional":true},"user":{"type":"string","description_kind":"plain","required":true}},"description":"Provides an IAM access key that expires after max_age seconds. This is a set of credentials that allow API requests to be made as an IAM user.","description_kind":"plain"}},"awsutils_guardduty_organization_settings":{"version":1,"block":{"attributes":{"detector_id":{"type":"string","description_kind":"plain","required":true},"id":{"type":"string","description":"The ID of this resource.","description_kind":"plain","computed":true},"member_accounts":{"type":["set","string"],"description":"A list of AWS Organization member accounts to associate with the GuardDuty Administrator account.","description_kind":"plain","required":true}},"description":"Enables a list of accounts as GuardDuty member accounts in an existing AWS Organization.\n\nDesignating an account as the GuardDuty Administrator account in an AWS Organization can optionally enable all \nnewly created accounts and accounts that join the organization after the setting is enabled, however it does not \nenable existing accounts. Use this resource to enable a list of existing accounts","description_kind":"plain"}},"awsutils_macie2_organization_settings":{"version":1,"block":{"attributes":{"id":{"type":"string","description":"The ID of this resource.","description_kind":"plain","computed":true},"member_accounts":{"type":["set","string"],"description":"A list of AWS Organization member accounts to associate with the Macie2 Administrator account.","description_kind":"plain","required":true}},"description":"Enables a list of accounts as Macie2 member accounts in an existing AWS Organization.\n\nDesignating an account as the Macie2 Administrator account in an AWS Organization can optionally enable all\nnewly created accounts and accounts that join the organization after the setting is enabled, however, it does not\nenable existing accounts. Use this resource to enable a list of existing accounts.","description_kind":"plain"}},"awsutils_security_hub_control_disablement":{"version":1,"block":{"attributes":{"control_arn":{"type":"string","description":"The ARN of the Security Hub Standards Control to disable.","description_kind":"plain","required":true},"id":{"type":"string","description":"The ID of this resource.","description_kind":"plain","computed":true},"reason":{"type":"string","description":"The reason the control is being disabed.","description_kind":"plain","optional":true}},"description":"Disables a Security Hub control in the configured region.\n\nIt can be useful to turn off security checks for controls that are not relevant to your environment. For example, you \nmight use a single Amazon S3 bucket to log your CloudTrail logs. If so, you can turn off controls related to CloudTrail \nlogging in all accounts and Regions except for the account and Region where the centralized S3 bucket is located. \nDisabling irrelevant controls reduces the number of irrelevant findings. It also removes the failed check from the \nreadiness score for the associated standard.","description_kind":"plain"}},"awsutils_security_hub_organization_settings":{"version":1,"block":{"attributes":{"auto_enable_new_accounts":{"type":"bool","description":"A flag to indicate if the automatic enablement setting, should be enabled. If enabled, Security Hub begins to enable new accounts as they are added to the organization","description_kind":"plain","optional":true},"id":{"type":"string","description":"The ID of this resource.","description_kind":"plain","computed":true},"member_accounts":{"type":["set","string"],"description":"A list of AWS Organization member accounts to associate with the Security Hub Administrator account.","description_kind":"plain","required":true}},"description":"Enables a list of accounts as Security Hub member accounts in an existing AWS Organization.\n\nDesignating an account as the Security Hub Administrator account in an AWS Organization can optionally enable all \nnewly created accounts and accounts that join the organization after the setting is enabled, however it does not \nenable existing accounts. Use this resource to enable a list of existing accounts","description_kind":"plain"}}},"data_source_schemas":{"aws_arn":{"version":0,"block":{"attributes":{"account":{"type":"string","description_kind":"plain","computed":true},"arn":{"type":"string","description_kind":"plain","required":true},"id":{"type":"string","description_kind":"plain","optional":true,"computed":true},"partition":{"type":"string","description_kind":"plain","computed":true},"region":{"type":"string","description_kind":"plain","computed":true},"resource":{"type":"string","description_kind":"plain","computed":true},"service":{"type":"string","description_kind":"plain","computed":true}},"description_kind":"plain"}},"awsutils_caller_identity":{"version":0,"block":{"attributes":{"account_id":{"type":"string","description":"AWS Account ID number of the account that owns or contains the calling entity.","description_kind":"plain","computed":true},"arn":{"type":"string","description":"The AWS ARN associated with the calling entity.","description_kind":"plain","computed":true},"eks_role_arn":{"type":"string","description":"If the calling identity is an assumed role, this is the transformation of that assumed role ARN\n\t\t\t\tinto something suitable for use in configuring EKS access. See\n\t\t\t\t[Add IAM principals to your Amazon EKS cluster](https://docs.aws.amazon.com/eks/latest/userguide/add-user-role.html#aws-auth-users).\n\t\t\t\tOtherwise, `null`.","description_kind":"plain","computed":true},"id":{"type":"string","description":"AWS Account ID number of the account that owns or contains the calling entity.","description_kind":"plain","computed":true},"user_id":{"type":"string","description":"Unique identifier of the calling entity.","description_kind":"plain","computed":true}},"description":"Use this data source to get the access to the effective\n\t\tAccount ID, User ID, ARN and EKS Role ARN in which Terraform is authorized.","description_kind":"plain"}},"awsutils_ec2_client_vpn_export_client_config":{"version":0,"block":{"attributes":{"client_configuration":{"type":"string","description":"Output from 'export-client-vpn-client-configuration' call","description_kind":"plain","computed":true},"id":{"type":"string","description":"The ID of the VPN endpoint to export the config for.","description_kind":"plain","required":true}},"description":"Passthru for configuring and executing `aws ec2 export-client-vpn-client-configuration`","description_kind":"plain"}}}}}}
